
Microsoft Visual Studio Solution File, Format Version 12.00
# Visual Studio Version 16
VisualStudioVersion = 16.0.30711.63
MinimumVisualStudioVersion = 10.0.40219.1
Project("{FAE04EC0-301F-11D3-BF4B-00C04F79EFBC}") = "TGBot_2.0", "TGBot_2.0\TGBot_2.0.csproj", "{532E04A7-6DF7-4762-8377-C26D84296FF8}"
EndProject
Global
	GlobalSection(SolutionConfigurationPlatforms) = preSolution
		Debug|Any CPU = Debug|Any CPU
		Release|Any CPU = Release|Any CPU
	EndGlobalSection
	GlobalSection(ProjectConfigurationPlatforms) = postSolution
		{532E04A7-6DF7-4762-8377-C26D84296FF8}.Debug|Any CPU.ActiveCfg = Debug|Any CPU
		{532E04A7-6DF7-4762-8377-C26D84296FF8}.Debug|Any CPU.Build.0 = Debug|Any CPU
		{532E04A7-6DF7-4762-8377-C26D84296FF8}.Release|Any CPU.ActiveCfg = Release|Any CPU
		{532E04A7-6DF7-4762-8377-C26D84296FF8}.Release|Any CPU.Build.0 = Release|Any CPU
	EndGlobalSection
	GlobalSection(SolutionProperties) = preSolution
		HideSolutionNode = FALSE
	EndGlobalSection
	GlobalSection(ExtensibilityGlobals) = postSolution
		SolutionGuid = {630C67C8-4692-4E14-8233-82D9A5DD7938}
	EndGlobalSection
EndGlobal
